
Microsoft Visual Studio Solution File, Format Version 12.00
# Visual Studio Version 17
VisualStudioVersion = 17.14.36414.22 d17.14
MinimumVisualStudioVersion = 10.0.40219.1
Project("{FAE04EC0-301F-11D3-BF4B-00C04F79EFBC}") = "TcUnit-Runner", "TcUnit-Runner\TcUnit-Runner.csproj", "{A39CF405-ABB8-4F73-9B7F-0550C26DB4CE}"
EndProject
Project("{FAE04EC0-301F-11D3-BF4B-00C04F79EFBC}") = "TcUnit-Runner-Test", "TcUnit-Runner-Test\TcUnit-Runner-Test.csproj", "{72FDC4AA-D945-48BF-9D5D-4CFAB46E7D05}"
EndProject
Global
	GlobalSection(SolutionConfigurationPlatforms) = preSolution
		Debug|Any CPU = Debug|Any CPU
		Release|Any CPU = Release|Any CPU
	EndGlobalSection
	GlobalSection(ProjectConfigurationPlatforms) = postSolution
		{A39CF405-ABB8-4F73-9B7F-0550C26DB4CE}.Debug|Any CPU.ActiveCfg = Debug|Any CPU
		{A39CF405-ABB8-4F73-9B7F-0550C26DB4CE}.Debug|Any CPU.Build.0 = Debug|Any CPU
		{A39CF405-ABB8-4F73-9B7F-0550C26DB4CE}.Release|Any CPU.ActiveCfg = Release|Any CPU
		{A39CF405-ABB8-4F73-9B7F-0550C26DB4CE}.Release|Any CPU.Build.0 = Release|Any CPU
		{72FDC4AA-D945-48BF-9D5D-4CFAB46E7D05}.Debug|Any CPU.ActiveCfg = Debug|Any CPU
		{72FDC4AA-D945-48BF-9D5D-4CFAB46E7D05}.Debug|Any CPU.Build.0 = Debug|Any CPU
		{72FDC4AA-D945-48BF-9D5D-4CFAB46E7D05}.Release|Any CPU.ActiveCfg = Release|Any CPU
		{72FDC4AA-D945-48BF-9D5D-4CFAB46E7D05}.Release|Any CPU.Build.0 = Release|Any CPU
	EndGlobalSection
	GlobalSection(SolutionProperties) = preSolution
		HideSolutionNode = FALSE
	EndGlobalSection
	GlobalSection(ExtensibilityGlobals) = postSolution
		SolutionGuid = {22C320F7-8C25-4EB4-AAC8-4447F9ADDA3B}
	EndGlobalSection
EndGlobal
